
Microsoft Visual Studio Solution File, Format Version 12.00
# Visual Studio Version 16
VisualStudioVersion = 16.0.31624.102
MinimumVisualStudioVersion = 10.0.40219.1
Project("{FAE04EC0-301F-11D3-BF4B-00C04F79EFBC}") = "FastJobsExam", "FastJobsExam\FastJobsExam.csproj", "{97148813-A6AB-4198-8B09-48A14EC4E9A2}"
EndProject
Global
	GlobalSection(SolutionConfigurationPlatforms) = preSolution
		Debug|Any CPU = Debug|Any CPU
		Release|Any CPU = Release|Any CPU
	EndGlobalSection
	GlobalSection(ProjectConfigurationPlatforms) = postSolution
		{97148813-A6AB-4198-8B09-48A14EC4E9A2}.Debug|Any CPU.ActiveCfg = Debug|Any CPU
		{97148813-A6AB-4198-8B09-48A14EC4E9A2}.Debug|Any CPU.Build.0 = Debug|Any CPU
		{97148813-A6AB-4198-8B09-48A14EC4E9A2}.Release|Any CPU.ActiveCfg = Release|Any CPU
		{97148813-A6AB-4198-8B09-48A14EC4E9A2}.Release|Any CPU.Build.0 = Release|Any CPU
	EndGlobalSection
	GlobalSection(SolutionProperties) = preSolution
		HideSolutionNode = FALSE
	EndGlobalSection
	GlobalSection(ExtensibilityGlobals) = postSolution
		SolutionGuid = {72863748-7525-4386-A2B0-471E65EA3850}
	EndGlobalSection
EndGlobal
